Microsoft Visual Studio Solution File, Format Version 12.00
# Visual Studio Version 17
VisualStudioVersion = 17.5.2.0
MinimumVisualStudioVersion = 10.0.40219.1
Project("{FAE04EC0-301F-11D3-BF4B-00C04F79EFBC}") = "StaticFactoryMethods_2", "StaticFactoryMethods_2.csproj", "{794C2D69-DE55-CE10-60CE-0D13AD27829F}"
EndProject
Global
	GlobalSection(SolutionConfigurationPlatforms) = preSolution
		Debug|Any CPU = Debug|Any CPU
		Release|Any CPU = Release|Any CPU
	EndGlobalSection
	GlobalSection(ProjectConfigurationPlatforms) = postSolution
		{794C2D69-DE55-CE10-60CE-0D13AD27829F}.Debug|Any CPU.ActiveCfg = Debug|Any CPU
		{794C2D69-DE55-CE10-60CE-0D13AD27829F}.Debug|Any CPU.Build.0 = Debug|Any CPU
		{794C2D69-DE55-CE10-60CE-0D13AD27829F}.Release|Any CPU.ActiveCfg = Release|Any CPU
		{794C2D69-DE55-CE10-60CE-0D13AD27829F}.Release|Any CPU.Build.0 = Release|Any CPU
	EndGlobalSection
	GlobalSection(SolutionProperties) = preSolution
		HideSolutionNode = FALSE
	EndGlobalSection
	GlobalSection(ExtensibilityGlobals) = postSolution
		SolutionGuid = {A1C32E37-5638-4FE1-AD71-08399006D07F}
	EndGlobalSection
EndGlobal
