
Microsoft Visual Studio Solution File, Format Version 12.00
# Visual Studio Version 17
VisualStudioVersion = 17.11.35327.3
MinimumVisualStudioVersion = 10.0.40219.1
Project("{FAE04EC0-301F-11D3-BF4B-00C04F79EFBC}") = "GeometryDrawer", "GeometryDrawer\GeometryDrawer.csproj", "{8408B2EE-1382-4022-948E-F24EC0AA53B8}"
EndProject
Global
	GlobalSection(SolutionConfigurationPlatforms) = preSolution
		Debug|Any CPU = Debug|Any CPU
		Release|Any CPU = Release|Any CPU
	EndGlobalSection
	GlobalSection(ProjectConfigurationPlatforms) = postSolution
		{8408B2EE-1382-4022-948E-F24EC0AA53B8}.Debug|Any CPU.ActiveCfg = Debug|Any CPU
		{8408B2EE-1382-4022-948E-F24EC0AA53B8}.Debug|Any CPU.Build.0 = Debug|Any CPU
		{8408B2EE-1382-4022-948E-F24EC0AA53B8}.Release|Any CPU.ActiveCfg = Release|Any CPU
		{8408B2EE-1382-4022-948E-F24EC0AA53B8}.Release|Any CPU.Build.0 = Release|Any CPU
	EndGlobalSection
	GlobalSection(SolutionProperties) = preSolution
		HideSolutionNode = FALSE
	EndGlobalSection
	GlobalSection(ExtensibilityGlobals) = postSolution
		SolutionGuid = {C4A20BFC-B5AA-4F4B-864F-C958100A544A}
	EndGlobalSection
EndGlobal
