
Microsoft Visual Studio Solution File, Format Version 12.00
# Visual Studio Version 17
VisualStudioVersion = 17.4.33213.308
MinimumVisualStudioVersion = 10.0.40219.1
Project("{FAE04EC0-301F-11D3-BF4B-00C04F79EFBC}") = "MeuAppML", "MeuAppML\MeuAppML.csproj", "{9FD286ED-CAF8-4B74-AAC3-B81BF875C870}"
EndProject
Global
	GlobalSection(SolutionConfigurationPlatforms) = preSolution
		Debug|Any CPU = Debug|Any CPU
		Release|Any CPU = Release|Any CPU
	EndGlobalSection
	GlobalSection(ProjectConfigurationPlatforms) = postSolution
		{9FD286ED-CAF8-4B74-AAC3-B81BF875C870}.Debug|Any CPU.ActiveCfg = Debug|Any CPU
		{9FD286ED-CAF8-4B74-AAC3-B81BF875C870}.Debug|Any CPU.Build.0 = Debug|Any CPU
		{9FD286ED-CAF8-4B74-AAC3-B81BF875C870}.Release|Any CPU.ActiveCfg = Release|Any CPU
		{9FD286ED-CAF8-4B74-AAC3-B81BF875C870}.Release|Any CPU.Build.0 = Release|Any CPU
	EndGlobalSection
	GlobalSection(SolutionProperties) = preSolution
		HideSolutionNode = FALSE
	EndGlobalSection
	GlobalSection(ExtensibilityGlobals) = postSolution
		SolutionGuid = {B9AA8835-0639-4983-B49E-9DFD53492A43}
	EndGlobalSection
EndGlobal
