
Microsoft Visual Studio Solution File, Format Version 12.00
# Visual Studio Version 17
VisualStudioVersion = 17.11.35327.3
MinimumVisualStudioVersion = 10.0.40219.1
Project("{FAE04EC0-301F-11D3-BF4B-00C04F79EFBC}") = "ImageProcessorAPI", "ImageProcessorAPI\ImageProcessorAPI.csproj", "{58DFECC6-BB4D-41E1-A04C-7AD7E12AAB03}"
EndProject
Global
	GlobalSection(SolutionConfigurationPlatforms) = preSolution
		Debug|Any CPU = Debug|Any CPU
		Release|Any CPU = Release|Any CPU
	EndGlobalSection
	GlobalSection(ProjectConfigurationPlatforms) = postSolution
		{58DFECC6-BB4D-41E1-A04C-7AD7E12AAB03}.Debug|Any CPU.ActiveCfg = Debug|Any CPU
		{58DFECC6-BB4D-41E1-A04C-7AD7E12AAB03}.Debug|Any CPU.Build.0 = Debug|Any CPU
		{58DFECC6-BB4D-41E1-A04C-7AD7E12AAB03}.Release|Any CPU.ActiveCfg = Release|Any CPU
		{58DFECC6-BB4D-41E1-A04C-7AD7E12AAB03}.Release|Any CPU.Build.0 = Release|Any CPU
	EndGlobalSection
	GlobalSection(SolutionProperties) = preSolution
		HideSolutionNode = FALSE
	EndGlobalSection
	GlobalSection(ExtensibilityGlobals) = postSolution
		SolutionGuid = {F0035E25-EC24-4E78-863C-F35B93192AA6}
	EndGlobalSection
EndGlobal
