
Microsoft Visual Studio Solution File, Format Version 12.00
# Visual Studio Version 17
VisualStudioVersion = 17.9.34714.143
MinimumVisualStudioVersion = 10.0.40219.1
Project("{FAE04EC0-301F-11D3-BF4B-00C04F79EFBC}") = "ClientTryWebApi", "ClientTryWebApi.csproj", "{83065D32-41C6-4FAC-AD66-CFE1B57A92EF}"
EndProject
Global
	GlobalSection(SolutionConfigurationPlatforms) = preSolution
		Debug|Any CPU = Debug|Any CPU
		Release|Any CPU = Release|Any CPU
	EndGlobalSection
	GlobalSection(ProjectConfigurationPlatforms) = postSolution
		{83065D32-41C6-4FAC-AD66-CFE1B57A92EF}.Debug|Any CPU.ActiveCfg = Debug|Any CPU
		{83065D32-41C6-4FAC-AD66-CFE1B57A92EF}.Debug|Any CPU.Build.0 = Debug|Any CPU
		{83065D32-41C6-4FAC-AD66-CFE1B57A92EF}.Release|Any CPU.ActiveCfg = Release|Any CPU
		{83065D32-41C6-4FAC-AD66-CFE1B57A92EF}.Release|Any CPU.Build.0 = Release|Any CPU
	EndGlobalSection
	GlobalSection(SolutionProperties) = preSolution
		HideSolutionNode = FALSE
	EndGlobalSection
	GlobalSection(ExtensibilityGlobals) = postSolution
		SolutionGuid = {9F54206F-38EF-4C82-9D8B-DAEF3AB21150}
	EndGlobalSection
EndGlobal
