Microsoft Visual Studio Solution File, Format Version 12.00
# Visual Studio Version 17
VisualStudioVersion = 17.5.2.0
MinimumVisualStudioVersion = 10.0.40219.1
Project("{FAE04EC0-301F-11D3-BF4B-00C04F79EFBC}") = "StatePatternExercise", "StatePatternExercise.csproj", "{F1B60322-DFD3-D657-29DF-F310BBF9D5DE}"
EndProject
Global
	GlobalSection(SolutionConfigurationPlatforms) = preSolution
		Debug|Any CPU = Debug|Any CPU
		Release|Any CPU = Release|Any CPU
	EndGlobalSection
	GlobalSection(ProjectConfigurationPlatforms) = postSolution
		{F1B60322-DFD3-D657-29DF-F310BBF9D5DE}.Debug|Any CPU.ActiveCfg = Debug|Any CPU
		{F1B60322-DFD3-D657-29DF-F310BBF9D5DE}.Debug|Any CPU.Build.0 = Debug|Any CPU
		{F1B60322-DFD3-D657-29DF-F310BBF9D5DE}.Release|Any CPU.ActiveCfg = Release|Any CPU
		{F1B60322-DFD3-D657-29DF-F310BBF9D5DE}.Release|Any CPU.Build.0 = Release|Any CPU
	EndGlobalSection
	GlobalSection(SolutionProperties) = preSolution
		HideSolutionNode = FALSE
	EndGlobalSection
	GlobalSection(ExtensibilityGlobals) = postSolution
		SolutionGuid = {25339EA5-5A1C-4087-ADF2-768A5D74F001}
	EndGlobalSection
EndGlobal
